
Microsoft Visual Studio Solution File, Format Version 12.00
# Visual Studio Version 16
VisualStudioVersion = 16.0.30907.101
MinimumVisualStudioVersion = 10.0.40219.1
Project("{8BC9CEB8-8B4A-11D0-8D11-00A0C91BC942}") = "Engine", "Engine.vcxproj", "{64C44437-2E80-4270-A4F1-22756386E66F}"
EndProject
Global
	GlobalSection(SolutionConfigurationPlatforms) = preSolution
		Debug|x64 = Debug|x64
		Debug|x86 = Debug|x86
		Release|x64 = Release|x64
		Release|x86 = Release|x86
	EndGlobalSection
	GlobalSection(ProjectConfigurationPlatforms) = postSolution
		{64C44437-2E80-4270-A4F1-22756386E66F}.Debug|x64.ActiveCfg = Debug|x64
		{64C44437-2E80-4270-A4F1-22756386E66F}.Debug|x64.Build.0 = Debug|x64
		{64C44437-2E80-4270-A4F1-22756386E66F}.Debug|x86.ActiveCfg = Debug|Win32
		{64C44437-2E80-4270-A4F1-22756386E66F}.Debug|x86.Build.0 = Debug|Win32
		{64C44437-2E80-4270-A4F1-22756386E66F}.Release|x64.ActiveCfg = Release|x64
		{64C44437-2E80-4270-A4F1-22756386E66F}.Release|x64.Build.0 = Release|x64
		{64C44437-2E80-4270-A4F1-22756386E66F}.Release|x86.ActiveCfg = Release|Win32
		{64C44437-2E80-4270-A4F1-22756386E66F}.Release|x86.Build.0 = Release|Win32
	EndGlobalSection
	GlobalSection(SolutionProperties) = preSolution
		HideSolutionNode = FALSE
	EndGlobalSection
	GlobalSection(ExtensibilityGlobals) = postSolution
		SolutionGuid = {A72A0706-B616-408A-8CCE-A8E39FEF1C2E}
	EndGlobalSection
EndGlobal
